
Microsoft Visual Studio Solution File, Format Version 12.00
# Visual Studio 15
VisualStudioVersion = 15.0.27004.2010
MinimumVisualStudioVersion = 10.0.40219.1
Project("{FAE04EC0-301F-11D3-BF4B-00C04F79EFBC}") = "GoogleMapWpfApp", "GoogleMapWpfApp\GoogleMapWpfApp.csproj", "{7E8D82CC-24C0-4EB2-9B3B-E41733C9ED4B}"
EndProject
Project("{FAE04EC0-301F-11D3-BF4B-00C04F79EFBC}") = "Ex01", "Ex01\Ex01.csproj", "{DB5EC52B-896B-4D58-A432-6402F58F8BDD}"
EndProject
Project("{FAE04EC0-301F-11D3-BF4B-00C04F79EFBC}") = "Ex02", "Ex02\Ex02.csproj", "{680C297A-927D-4C2B-ACA1-A61465E66027}"
EndProject
Project("{FAE04EC0-301F-11D3-BF4B-00C04F79EFBC}") = "Ex03", "Ex03\Ex03.csproj", "{E2A4F40B-6D92-4DCC-830B-B654EBC517A3}"
EndProject
Project("{FAE04EC0-301F-11D3-BF4B-00C04F79EFBC}") = "Ex04", "Ex04\Ex04.csproj", "{C6B3693D-141C-4A30-9971-79A3D9FB5CF5}"
EndProject
Project("{FAE04EC0-301F-11D3-BF4B-00C04F79EFBC}") = "Ex05", "Ex05\Ex05.csproj", "{C41E5906-E305-4119-B6E6-186BE53CCAAE}"
EndProject
Project("{FAE04EC0-301F-11D3-BF4B-00C04F79EFBC}") = "Ex06", "Ex06\Ex06.csproj", "{13FC2AD7-12A4-4D3D-BC0F-499BFB51FD6C}"
EndProject
Project("{FAE04EC0-301F-11D3-BF4B-00C04F79EFBC}") = "Ex07", "Ex07\Ex07.csproj", "{5891F8BE-40E7-44C2-9E18-C22F5AF0F4D8}"
EndProject
Project("{FAE04EC0-301F-11D3-BF4B-00C04F79EFBC}") = "Ex10", "Ex10\Ex10.csproj", "{9B2676EA-4490-4FD2-AC79-2F81CE22AA08}"
EndProject
Project("{FAE04EC0-301F-11D3-BF4B-00C04F79EFBC}") = "Ex11", "Ex11\Ex11.csproj", "{D732243F-5D71-4608-8F19-5913A126A3D6}"
EndProject
Project("{FAE04EC0-301F-11D3-BF4B-00C04F79EFBC}") = "Ex12", "Ex12\Ex12.csproj", "{75FF2101-5078-4C3F-B023-C97C4FF2317F}"
EndProject
Project("{FAE04EC0-301F-11D3-BF4B-00C04F79EFBC}") = "Ex20", "Ex20\Ex20.csproj", "{A0FCD2A2-5270-4125-A490-9C74EC720097}"
EndProject
Project("{FAE04EC0-301F-11D3-BF4B-00C04F79EFBC}") = "Ex21", "Ex21\Ex21.csproj", "{C897DC4B-8FB3-4E54-BF98-76C90B95E79E}"
EndProject
Project("{FAE04EC0-301F-11D3-BF4B-00C04F79EFBC}") = "Ex30", "Ex30\Ex30.csproj", "{01643820-414D-47C8-98E6-336240BAD561}"
EndProject
Project("{FAE04EC0-301F-11D3-BF4B-00C04F79EFBC}") = "Ex31", "Ex31\Ex31.csproj", "{E408F06C-98BD-4757-B258-C8BB2AB53809}"
EndProject
Global
	GlobalSection(SolutionConfigurationPlatforms) = preSolution
		Debug|Any CPU = Debug|Any CPU
		Release|Any CPU = Release|Any CPU
	EndGlobalSection
	GlobalSection(ProjectConfigurationPlatforms) = postSolution
		{7E8D82CC-24C0-4EB2-9B3B-E41733C9ED4B}.Debug|Any CPU.ActiveCfg = Debug|Any CPU
		{7E8D82CC-24C0-4EB2-9B3B-E41733C9ED4B}.Debug|Any CPU.Build.0 = Debug|Any CPU
		{7E8D82CC-24C0-4EB2-9B3B-E41733C9ED4B}.Release|Any CPU.ActiveCfg = Release|Any CPU
		{7E8D82CC-24C0-4EB2-9B3B-E41733C9ED4B}.Release|Any CPU.Build.0 = Release|Any CPU
		{DB5EC52B-896B-4D58-A432-6402F58F8BDD}.Debug|Any CPU.ActiveCfg = Debug|Any CPU
		{DB5EC52B-896B-4D58-A432-6402F58F8BDD}.Debug|Any CPU.Build.0 = Debug|Any CPU
		{DB5EC52B-896B-4D58-A432-6402F58F8BDD}.Release|Any CPU.ActiveCfg = Release|Any CPU
		{DB5EC52B-896B-4D58-A432-6402F58F8BDD}.Release|Any CPU.Build.0 = Release|Any CPU
		{680C297A-927D-4C2B-ACA1-A61465E66027}.Debug|Any CPU.ActiveCfg = Debug|Any CPU
		{680C297A-927D-4C2B-ACA1-A61465E66027}.Debug|Any CPU.Build.0 = Debug|Any CPU
		{680C297A-927D-4C2B-ACA1-A61465E66027}.Release|Any CPU.ActiveCfg = Release|Any CPU
		{680C297A-927D-4C2B-ACA1-A61465E66027}.Release|Any CPU.Build.0 = Release|Any CPU
		{E2A4F40B-6D92-4DCC-830B-B654EBC517A3}.Debug|Any CPU.ActiveCfg = Debug|Any CPU
		{E2A4F40B-6D92-4DCC-830B-B654EBC517A3}.Debug|Any CPU.Build.0 = Debug|Any CPU
		{E2A4F40B-6D92-4DCC-830B-B654EBC517A3}.Release|Any CPU.ActiveCfg = Release|Any CPU
		{E2A4F40B-6D92-4DCC-830B-B654EBC517A3}.Release|Any CPU.Build.0 = Release|Any CPU
		{C6B3693D-141C-4A30-9971-79A3D9FB5CF5}.Debug|Any CPU.ActiveCfg = Debug|Any CPU
		{C6B3693D-141C-4A30-9971-79A3D9FB5CF5}.Debug|Any CPU.Build.0 = Debug|Any CPU
		{C6B3693D-141C-4A30-9971-79A3D9FB5CF5}.Release|Any CPU.ActiveCfg = Release|Any CPU
		{C6B3693D-141C-4A30-9971-79A3D9FB5CF5}.Release|Any CPU.Build.0 = Release|Any CPU
		{C41E5906-E305-4119-B6E6-186BE53CCAAE}.Debug|Any CPU.ActiveCfg = Debug|Any CPU
		{C41E5906-E305-4119-B6E6-186BE53CCAAE}.Debug|Any CPU.Build.0 = Debug|Any CPU
		{C41E5906-E305-4119-B6E6-186BE53CCAAE}.Release|Any CPU.ActiveCfg = Release|Any CPU
		{C41E5906-E305-4119-B6E6-186BE53CCAAE}.Release|Any CPU.Build.0 = Release|Any CPU
		{13FC2AD7-12A4-4D3D-BC0F-499BFB51FD6C}.Debug|Any CPU.ActiveCfg = Debug|Any CPU
		{13FC2AD7-12A4-4D3D-BC0F-499BFB51FD6C}.Debug|Any CPU.Build.0 = Debug|Any CPU
		{13FC2AD7-12A4-4D3D-BC0F-499BFB51FD6C}.Release|Any CPU.ActiveCfg = Release|Any CPU
		{13FC2AD7-12A4-4D3D-BC0F-499BFB51FD6C}.Release|Any CPU.Build.0 = Release|Any CPU
		{5891F8BE-40E7-44C2-9E18-C22F5AF0F4D8}.Debug|Any CPU.ActiveCfg = Debug|Any CPU
		{5891F8BE-40E7-44C2-9E18-C22F5AF0F4D8}.Debug|Any CPU.Build.0 = Debug|Any CPU
		{5891F8BE-40E7-44C2-9E18-C22F5AF0F4D8}.Release|Any CPU.ActiveCfg = Release|Any CPU
		{5891F8BE-40E7-44C2-9E18-C22F5AF0F4D8}.Release|Any CPU.Build.0 = Release|Any CPU
		{9B2676EA-4490-4FD2-AC79-2F81CE22AA08}.Debug|Any CPU.ActiveCfg = Debug|Any CPU
		{9B2676EA-4490-4FD2-AC79-2F81CE22AA08}.Debug|Any CPU.Build.0 = Debug|Any CPU
		{9B2676EA-4490-4FD2-AC79-2F81CE22AA08}.Release|Any CPU.ActiveCfg = Release|Any CPU
		{9B2676EA-4490-4FD2-AC79-2F81CE22AA08}.Release|Any CPU.Build.0 = Release|Any CPU
		{D732243F-5D71-4608-8F19-5913A126A3D6}.Debug|Any CPU.ActiveCfg = Debug|Any CPU
		{D732243F-5D71-4608-8F19-5913A126A3D6}.Debug|Any CPU.Build.0 = Debug|Any CPU
		{D732243F-5D71-4608-8F19-5913A126A3D6}.Release|Any CPU.ActiveCfg = Release|Any CPU
		{D732243F-5D71-4608-8F19-5913A126A3D6}.Release|Any CPU.Build.0 = Release|Any CPU
		{75FF2101-5078-4C3F-B023-C97C4FF2317F}.Debug|Any CPU.ActiveCfg = Debug|Any CPU
		{75FF2101-5078-4C3F-B023-C97C4FF2317F}.Debug|Any CPU.Build.0 = Debug|Any CPU
		{75FF2101-5078-4C3F-B023-C97C4FF2317F}.Release|Any CPU.ActiveCfg = Release|Any CPU
		{75FF2101-5078-4C3F-B023-C97C4FF2317F}.Release|Any CPU.Build.0 = Release|Any CPU
		{A0FCD2A2-5270-4125-A490-9C74EC720097}.Debug|Any CPU.ActiveCfg = Debug|Any CPU
		{A0FCD2A2-5270-4125-A490-9C74EC720097}.Debug|Any CPU.Build.0 = Debug|Any CPU
		{A0FCD2A2-5270-4125-A490-9C74EC720097}.Release|Any CPU.ActiveCfg = Release|Any CPU
		{A0FCD2A2-5270-4125-A490-9C74EC720097}.Release|Any CPU.Build.0 = Release|Any CPU
		{C897DC4B-8FB3-4E54-BF98-76C90B95E79E}.Debug|Any CPU.ActiveCfg = Debug|Any CPU
		{C897DC4B-8FB3-4E54-BF98-76C90B95E79E}.Debug|Any CPU.Build.0 = Debug|Any CPU
		{C897DC4B-8FB3-4E54-BF98-76C90B95E79E}.Release|Any CPU.ActiveCfg = Release|Any CPU
		{C897DC4B-8FB3-4E54-BF98-76C90B95E79E}.Release|Any CPU.Build.0 = Release|Any CPU
		{01643820-414D-47C8-98E6-336240BAD561}.Debug|Any CPU.ActiveCfg = Debug|Any CPU
		{01643820-414D-47C8-98E6-336240BAD561}.Debug|Any CPU.Build.0 = Debug|Any CPU
		{01643820-414D-47C8-98E6-336240BAD561}.Release|Any CPU.ActiveCfg = Release|Any CPU
		{01643820-414D-47C8-98E6-336240BAD561}.Release|Any CPU.Build.0 = Release|Any CPU
		{E408F06C-98BD-4757-B258-C8BB2AB53809}.Debug|Any CPU.ActiveCfg = Debug|Any CPU
		{E408F06C-98BD-4757-B258-C8BB2AB53809}.Debug|Any CPU.Build.0 = Debug|Any CPU
		{E408F06C-98BD-4757-B258-C8BB2AB53809}.Release|Any CPU.ActiveCfg = Release|Any CPU
		{E408F06C-98BD-4757-B258-C8BB2AB53809}.Release|Any CPU.Build.0 = Release|Any CPU
	EndGlobalSection
	GlobalSection(SolutionProperties) = preSolution
		HideSolutionNode = FALSE
	EndGlobalSection
	GlobalSection(ExtensibilityGlobals) = postSolution
		SolutionGuid = {255DF033-5A63-4808-9702-9BE488A27452}
	EndGlobalSection
EndGlobal
